// !$*UTF8*$!
{
	archiveVersion = 1;
	classes = {
	};
	objectVersion = 46;
	objects = {

/* Begin PBXBuildFile section */
		07828BC31EFF3BB60098E4C8 /* AppDelegate.swift in Sources */ = {isa = PBXBuildFile; fileRef = 07828BC21EFF3BB60098E4C8 /* AppDelegate.swift */; };
		07828BC51EFF3BB60098E4C8 /* ViewController.swift in Sources */ = {isa = PBXBuildFile; fileRef = 07828BC41EFF3BB60098E4C8 /* ViewController.swift */; };
		07828BC81EFF3BB60098E4C8 /* Main.storyboard in Resources */ = {isa = PBXBuildFile; fileRef = 07828BC61EFF3BB60098E4C8 /* Main.storyboard */; };
		07828BCA1EFF3BB60098E4C8 /* Assets.xcassets in Resources */ = {isa = PBXBuildFile; fileRef = 07828BC91EFF3BB60098E4C8 /* Assets.xcassets */; };
		07828BCD1EFF3BB60098E4C8 /* LaunchScreen.storyboard in Resources */ = {isa = PBXBuildFile; fileRef = 07828BCB1EFF3BB60098E4C8 /* LaunchScreen.storyboard */; };
		07828BD81EFF3BB60098E4C8 /* timerTests.swift in Sources */ = {isa = PBXBuildFile; fileRef = 07828BD71EFF3BB60098E4C8 /* timerTests.swift */; };
		07828BE31EFF3BB60098E4C8 /* timerUITests.swift in Sources */ = {isa = PBXBuildFile; fileRef = 07828BE21EFF3BB60098E4C8 /* timerUITests.swift */; };
		07C0B4D82009A205003C229A /* WorkTimerViewController.swift in Sources */ = {isa = PBXBuildFile; fileRef = 07C0B4D72009A205003C229A /* WorkTimerViewController.swift */; };
		07C0B4DA2009A300003C229A /* PlayTimerViewController.swift in Sources */ = {isa = PBXBuildFile; fileRef = 07C0B4D92009A300003C229A /* PlayTimerViewController.swift */; };
		07C0B4DC20131B95003C229A /* GoogleService-Info.plist in Resources */ = {isa = PBXBuildFile; fileRef = 07C0B4DB20131B95003C229A /* GoogleService-Info.plist */; };
		4F8E31A32EF843CDBC43F2C6 /* Pods_timerUITests.framework in Frameworks */ = {isa = PBXBuildFile; fileRef = AF32DC84282EF8D140EBF63E /* Pods_timerUITests.framework */; };
		7103CBF8EF5323FCD9350B65 /* Pods_timer.framework in Frameworks */ = {isa = PBXBuildFile; fileRef = 03DC3403E167D8C27D9EE94C /* Pods_timer.framework */; };
		E1B79A7F8CC90B920450FA2F /* Pods_timerTests.framework in Frameworks */ = {isa = PBXBuildFile; fileRef = 365115855B3AEBCDE700FC09 /* Pods_timerTests.framework */; };
/* End PBXBuildFile section */

/* Begin PBXContainerItemProxy section */
		07828BD41EFF3BB60098E4C8 /* PBXContainerItemProxy */ = {
			isa = PBXContainerItemProxy;
			containerPortal = 07828BB71EFF3BB60098E4C8 /* Project object */;
			proxyType = 1;
			remoteGlobalIDString = 07828BBE1EFF3BB60098E4C8;
			remoteInfo = timer;
		};
		07828BDF1EFF3BB60098E4C8 /* PBXContainerItemProxy */ = {
			isa = PBXContainerItemProxy;
			containerPortal = 07828BB71EFF3BB60098E4C8 /* Project object */;
			proxyType = 1;
			remoteGlobalIDString = 07828BBE1EFF3BB60098E4C8;
			remoteInfo = timer;
		};
/* End PBXContainerItemProxy section */

/* Begin PBXFileReference section */
		03DC3403E167D8C27D9EE94C /* Pods_timer.framework */ = {isa = PBXFileReference; explicitFileType = wrapper.framework; includeInIndex = 0; path = Pods_timer.framework; sourceTree = BUILT_PRODUCTS_DIR; };
		075B6BC31FEFBBB100B7B40E /* timer.entitlements */ = {isa = PBXFileReference; lastKnownFileType = text.plist.entitlements; path = timer.entitlements; sourceTree = "<group>"; };
		07828BBF1EFF3BB60098E4C8 /* timer.app */ = {isa = PBXFileReference; explicitFileType = wrapper.application; includeInIndex = 0; path = timer.app; sourceTree = BUILT_PRODUCTS_DIR; };
		07828BC21EFF3BB60098E4C8 /* AppDelegate.swift */ = {isa = PBXFileReference; lastKnownFileType = sourcecode.swift; path = AppDelegate.swift; sourceTree = "<group>"; };
		07828BC41EFF3BB60098E4C8 /* ViewController.swift */ = {isa = PBXFileReference; lastKnownFileType = sourcecode.swift; path = ViewController.swift; sourceTree = "<group>"; };
		07828BC71EFF3BB60098E4C8 /* Base */ = {isa = PBXFileReference; lastKnownFileType = file.storyboard; name = Base; path = Base.lproj/Main.storyboard; sourceTree = "<group>"; };
		07828BC91EFF3BB60098E4C8 /* Assets.xcassets */ = {isa = PBXFileReference; lastKnownFileType = folder.assetcatalog; path = Assets.xcassets; sourceTree = "<group>"; };
		07828BCC1EFF3BB60098E4C8 /* Base */ = {isa = PBXFileReference; lastKnownFileType = file.storyboard; name = Base; path = Base.lproj/LaunchScreen.storyboard; sourceTree = "<group>"; };
		07828BCE1EFF3BB60098E4C8 /* Info.plist */ = {isa = PBXFileReference; lastKnownFileType = text.plist.xml; path = Info.plist; sourceTree = "<group>"; };
		07828BD31EFF3BB60098E4C8 /* timerTests.xctest */ = {isa = PBXFileReference; explicitFileType = wrapper.cfbundle; includeInIndex = 0; path = timerTests.xctest; sourceTree = BUILT_PRODUCTS_DIR; };
		07828BD71EFF3BB60098E4C8 /* timerTests.swift */ = {isa = PBXFileReference; lastKnownFileType = sourcecode.swift; path = timerTests.swift; sourceTree = "<group>"; };
		07828BD91EFF3BB60098E4C8 /* Info.plist */ = {isa = PBXFileReference; lastKnownFileType = text.plist.xml; path = Info.plist; sourceTree = "<group>"; };
		07828BDE1EFF3BB60098E4C8 /* timerUITests.xctest */ = {isa = PBXFileReference; explicitFileType = wrapper.cfbundle; includeInIndex = 0; path = timerUITests.xctest; sourceTree = BUILT_PRODUCTS_DIR; };
		07828BE21EFF3BB60098E4C8 /* timerUITests.swift */ = {isa = PBXFileReference; lastKnownFileType = sourcecode.swift; path = timerUITests.swift; sourceTree = "<group>"; };
		07828BE41EFF3BB60098E4C8 /* Info.plist */ = {isa = PBXFileReference; lastKnownFileType = text.plist.xml; path = Info.plist; sourceTree = "<group>"; };
		07C0B4D72009A205003C229A /* WorkTimerViewController.swift */ = {isa = PBXFileReference; fileEncoding = 4; lastKnownFileType = sourcecode.swift; path = WorkTimerViewController.swift; sourceTree = "<group>"; };
		07C0B4D92009A300003C229A /* PlayTimerViewController.swift */ = {isa = PBXFileReference; fileEncoding = 4; lastKnownFileType = sourcecode.swift; path = PlayTimerViewController.swift; sourceTree = "<group>"; };
		07C0B4DB20131B95003C229A /* GoogleService-Info.plist */ = {isa = PBXFileReference; fileEncoding = 4; lastKnownFileType = text.plist.xml; path = "GoogleService-Info.plist"; sourceTree = "<group>"; };
		33FF44A3FF05E9D76E352E26 /* Pods-timerTests.release.xcconfig */ = {isa = PBXFileReference; includeInIndex = 1; lastKnownFileType = text.xcconfig; name = "Pods-timerTests.release.xcconfig"; path = "Pods/Target Support Files/Pods-timerTests/Pods-timerTests.release.xcconfig"; sourceTree = "<group>"; };
		365115855B3AEBCDE700FC09 /* Pods_timerTests.framework */ = {isa = PBXFileReference; explicitFileType = wrapper.framework; includeInIndex = 0; path = Pods_timerTests.framework; sourceTree = BUILT_PRODUCTS_DIR; };
		3B6F3FAD8A950ECBBA1CD596 /* Pods-timerUITests.release.xcconfig */ = {isa = PBXFileReference; includeInIndex = 1; lastKnownFileType = text.xcconfig; name = "Pods-timerUITests.release.xcconfig"; path = "Pods/Target Support Files/Pods-timerUITests/Pods-timerUITests.release.xcconfig"; sourceTree = "<group>"; };
		3DBCEA852648A03D50B9F0DA /* Pods-timerTests.debug.xcconfig */ = {isa = PBXFileReference; includeInIndex = 1; lastKnownFileType = text.xcconfig; name = "Pods-timerTests.debug.xcconfig"; path = "Pods/Target Support Files/Pods-timerTests/Pods-timerTests.debug.xcconfig"; sourceTree = "<group>"; };
		68A871FDD07BC4BE6F35ED26 /* Pods-timer.debug.xcconfig */ = {isa = PBXFileReference; includeInIndex = 1; lastKnownFileType = text.xcconfig; name = "Pods-timer.debug.xcconfig"; path = "Pods/Target Support Files/Pods-timer/Pods-timer.debug.xcconfig"; sourceTree = "<group>"; };
		80922B55B307BD7E065FF765 /* Pods-timerUITests.debug.xcconfig */ = {isa = PBXFileReference; includeInIndex = 1; lastKnownFileType = text.xcconfig; name = "Pods-timerUITests.debug.xcconfig"; path = "Pods/Target Support Files/Pods-timerUITests/Pods-timerUITests.debug.xcconfig"; sourceTree = "<group>"; };
		AF32DC84282EF8D140EBF63E /* Pods_timerUITests.framework */ = {isa = PBXFileReference; explicitFileType = wrapper.framework; includeInIndex = 0; path = Pods_timerUITests.framework; sourceTree = BUILT_PRODUCTS_DIR; };
		E51CF885C349F3DA6E1E59A2 /* Pods-timer.release.xcconfig */ = {isa = PBXFileReference; includeInIndex = 1; lastKnownFileType = text.xcconfig; name = "Pods-timer.release.xcconfig"; path = "Pods/Target Support Files/Pods-timer/Pods-timer.release.xcconfig"; sourceTree = "<group>"; };
/* End PBXFileReference section */

/* Begin PBXFrameworksBuildPhase section */
		07828BBC1EFF3BB60098E4C8 /* Frameworks */ = {
			isa = PBXFrameworksBuildPhase;
			buildActionMask = 2147483647;
			files = (
				7103CBF8EF5323FCD9350B65 /* Pods_timer.framework in Frameworks */,
			);
			runOnlyForDeploymentPostprocessing = 0;
		};
		07828BD01EFF3BB60098E4C8 /* Frameworks */ = {
			isa = PBXFrameworksBuildPhase;
			buildActionMask = 2147483647;
			files = (
				E1B79A7F8CC90B920450FA2F /* Pods_timerTests.framework in Frameworks */,
			);
			runOnlyForDeploymentPostprocessing = 0;
		};
		07828BDB1EFF3BB60098E4C8 /* Frameworks */ = {
			isa = PBXFrameworksBuildPhase;
			buildActionMask = 2147483647;
			files = (
				4F8E31A32EF843CDBC43F2C6 /* Pods_timerUITests.framework in Frameworks */,
			);
			runOnlyForDeploymentPostprocessing = 0;
		};
/* End PBXFrameworksBuildPhase section */

/* Begin PBXGroup section */
		07828BB61EFF3BB60098E4C8 = {
			isa = PBXGroup;
			children = (
				07828BC11EFF3BB60098E4C8 /* timer */,
				07828BD61EFF3BB60098E4C8 /* timerTests */,
				07828BE11EFF3BB60098E4C8 /* timerUITests */,
				07828BC01EFF3BB60098E4C8 /* Products */,
				ADB13A370AA82ECD46EDE062 /* Pods */,
				DAA07AF24385318C5707F85E /* Frameworks */,
			);
			sourceTree = "<group>";
		};
		07828BC01EFF3BB60098E4C8 /* Products */ = {
			isa = PBXGroup;
			children = (
				07828BBF1EFF3BB60098E4C8 /* timer.app */,
				07828BD31EFF3BB60098E4C8 /* timerTests.xctest */,
				07828BDE1EFF3BB60098E4C8 /* timerUITests.xctest */,
			);
			name = Products;
			sourceTree = "<group>";
		};
		07828BC11EFF3BB60098E4C8 /* timer */ = {
			isa = PBXGroup;
			children = (
				075B6BC31FEFBBB100B7B40E /* timer.entitlements */,
				07828BC21EFF3BB60098E4C8 /* AppDelegate.swift */,
				07828BC41EFF3BB60098E4C8 /* ViewController.swift */,
				07828BC61EFF3BB60098E4C8 /* Main.storyboard */,
				07C0B4D92009A300003C229A /* PlayTimerViewController.swift */,
				07C0B4D72009A205003C229A /* WorkTimerViewController.swift */,
				07828BC91EFF3BB60098E4C8 /* Assets.xcassets */,
				07828BCB1EFF3BB60098E4C8 /* LaunchScreen.storyboard */,
				07C0B4DB20131B95003C229A /* GoogleService-Info.plist */,
				07828BCE1EFF3BB60098E4C8 /* Info.plist */,
			);
			path = timer;
			sourceTree = "<group>";
		};
		07828BD61EFF3BB60098E4C8 /* timerTests */ = {
			isa = PBXGroup;
			children = (
				07828BD71EFF3BB60098E4C8 /* timerTests.swift */,
				07828BD91EFF3BB60098E4C8 /* Info.plist */,
			);
			path = timerTests;
			sourceTree = "<group>";
		};
		07828BE11EFF3BB60098E4C8 /* timerUITests */ = {
			isa = PBXGroup;
			children = (
				07828BE21EFF3BB60098E4C8 /* timerUITests.swift */,
				07828BE41EFF3BB60098E4C8 /* Info.plist */,
			);
			path = timerUITests;
			sourceTree = "<group>";
		};
		ADB13A370AA82ECD46EDE062 /* Pods */ = {
			isa = PBXGroup;
			children = (
				68A871FDD07BC4BE6F35ED26 /* Pods-timer.debug.xcconfig */,
				E51CF885C349F3DA6E1E59A2 /* Pods-timer.release.xcconfig */,
				3DBCEA852648A03D50B9F0DA /* Pods-timerTests.debug.xcconfig */,
				33FF44A3FF05E9D76E352E26 /* Pods-timerTests.release.xcconfig */,
				80922B55B307BD7E065FF765 /* Pods-timerUITests.debug.xcconfig */,
				3B6F3FAD8A950ECBBA1CD596 /* Pods-timerUITests.release.xcconfig */,
			);
			name = Pods;
			sourceTree = "<group>";
		};
		DAA07AF24385318C5707F85E /* Frameworks */ = {
			isa = PBXGroup;
			children = (
				03DC3403E167D8C27D9EE94C /* Pods_timer.framework */,
				365115855B3AEBCDE700FC09 /* Pods_timerTests.framework */,
				AF32DC84282EF8D140EBF63E /* Pods_timerUITests.framework */,
			);
			name = Frameworks;
			sourceTree = "<group>";
		};
/* End PBXGroup section */

/* Begin PBXNativeTarget section */
		07828BBE1EFF3BB60098E4C8 /* timer */ = {
			isa = PBXNativeTarget;
			buildConfigurationList = 07828BE71EFF3BB60098E4C8 /* Build configuration list for PBXNativeTarget "timer" */;
			buildPhases = (
				8996696125BABE88C5A45A13 /* [CP] Check Pods Manifest.lock */,
				07828BBB1EFF3BB60098E4C8 /* Sources */,
				07828BBC1EFF3BB60098E4C8 /* Frameworks */,
				07828BBD1EFF3BB60098E4C8 /* Resources */,
				5520ADF1430424D71A8FA79D /* [CP] Embed Pods Frameworks */,
				92EAFD720B05B3593D0EF763 /* [CP] Copy Pods Resources */,
			);
			buildRules = (
			);
			dependencies = (
			);
			name = timer;
			productName = timer;
			productReference = 07828BBF1EFF3BB60098E4C8 /* timer.app */;
			productType = "com.apple.product-type.application";
		};
		07828BD21EFF3BB60098E4C8 /* timerTests */ = {
			isa = PBXNativeTarget;
			buildConfigurationList = 07828BEA1EFF3BB60098E4C8 /* Build configuration list for PBXNativeTarget "timerTests" */;
			buildPhases = (
				67F25A515E5E2CBC4A2FEA6E /* [CP] Check Pods Manifest.lock */,
				07828BCF1EFF3BB60098E4C8 /* Sources */,
				07828BD01EFF3BB60098E4C8 /* Frameworks */,
				07828BD11EFF3BB60098E4C8 /* Resources */,
				A52788F8FE8240CF3E001730 /* [CP] Embed Pods Frameworks */,
				FEA384573152DC7047CF5BB8 /* [CP] Copy Pods Resources */,
			);
			buildRules = (
			);
			dependencies = (
				07828BD51EFF3BB60098E4C8 /* PBXTargetDependency */,
			);
			name = timerTests;
			productName = timerTests;
			productReference = 07828BD31EFF3BB60098E4C8 /* timerTests.xctest */;
			productType = "com.apple.product-type.bundle.unit-test";
		};
		07828BDD1EFF3BB60098E4C8 /* timerUITests */ = {
			isa = PBXNativeTarget;
			buildConfigurationList = 07828BED1EFF3BB60098E4C8 /* Build configuration list for PBXNativeTarget "timerUITests" */;
			buildPhases = (
				BE51B254CB194009267BA682 /* [CP] Check Pods Manifest.lock */,
				07828BDA1EFF3BB60098E4C8 /* Sources */,
				07828BDB1EFF3BB60098E4C8 /* Frameworks */,
				07828BDC1EFF3BB60098E4C8 /* Resources */,
				229A036F2B95558628A4D1AB /* [CP] Embed Pods Frameworks */,
				9363CF9011674AAA330BF7B9 /* [CP] Copy Pods Resources */,
			);
			buildRules = (
			);
			dependencies = (
				07828BE01EFF3BB60098E4C8 /* PBXTargetDependency */,
			);
			name = timerUITests;
			productName = timerUITests;
			productReference = 07828BDE1EFF3BB60098E4C8 /* timerUITests.xctest */;
			productType = "com.apple.product-type.bundle.ui-testing";
		};
/* End PBXNativeTarget section */

/* Begin PBXProject section */
		07828BB71EFF3BB60098E4C8 /* Project object */ = {
			isa = PBXProject;
			attributes = {
				LastSwiftUpdateCheck = 0830;
				LastUpgradeCheck = 0830;
				ORGANIZATIONNAME = "Cameron Yang ";
				TargetAttributes = {
					07828BBE1EFF3BB60098E4C8 = {
						CreatedOnToolsVersion = 8.3.3;
						DevelopmentTeam = 522XC9JPSE;
						ProvisioningStyle = Automatic;
						SystemCapabilities = {
							com.apple.Keychain = {
								enabled = 1;
							};
						};
					};
					07828BD21EFF3BB60098E4C8 = {
						CreatedOnToolsVersion = 8.3.3;
						ProvisioningStyle = Automatic;
						TestTargetID = 07828BBE1EFF3BB60098E4C8;
					};
					07828BDD1EFF3BB60098E4C8 = {
						CreatedOnToolsVersion = 8.3.3;
						ProvisioningStyle = Automatic;
						TestTargetID = 07828BBE1EFF3BB60098E4C8;
					};
				};
			};
			buildConfigurationList = 07828BBA1EFF3BB60098E4C8 /* Build configuration list for PBXProject "timer" */;
			compatibilityVersion = "Xcode 3.2";
			developmentRegion = English;
			hasScannedForEncodings = 0;
			knownRegions = (
				en,
				Base,
			);
			mainGroup = 07828BB61EFF3BB60098E4C8;
			productRefGroup = 07828BC01EFF3BB60098E4C8 /* Products */;
			projectDirPath = "";
			projectRoot = "";
			targets = (
				07828BBE1EFF3BB60098E4C8 /* timer */,
				07828BD21EFF3BB60098E4C8 /* timerTests */,
				07828BDD1EFF3BB60098E4C8 /* timerUITests */,
			);
		};
/* End PBXProject section */

/* Begin PBXResourcesBuildPhase section */
		07828BBD1EFF3BB60098E4C8 /* Resources */ = {
			isa = PBXResourcesBuildPhase;
			buildActionMask = 2147483647;
			files = (
				07828BCD1EFF3BB60098E4C8 /* LaunchScreen.storyboard in Resources */,
				07C0B4DC20131B95003C229A /* GoogleService-Info.plist in Resources */,
				07828BCA1EFF3BB60098E4C8 /* Assets.xcassets in Resources */,
				07828BC81EFF3BB60098E4C8 /* Main.storyboard in Resources */,
			);
			runOnlyForDeploymentPostprocessing = 0;
		};
		07828BD11EFF3BB60098E4C8 /* Resources */ = {
			isa = PBXResourcesBuildPhase;
			buildActionMask = 2147483647;
			files = (
			);
			runOnlyForDeploymentPostprocessing = 0;
		};
		07828BDC1EFF3BB60098E4C8 /* Resources */ = {
			isa = PBXResourcesBuildPhase;
			buildActionMask = 2147483647;
			files = (
			);
			runOnlyForDeploymentPostprocessing = 0;
		};
/* End PBXResourcesBuildPhase section */

/* Begin PBXShellScriptBuildPhase section */
		229A036F2B95558628A4D1AB /* [CP] Embed Pods Frameworks */ = {
			isa = PBXShellScriptBuildPhase;
			buildActionMask = 2147483647;
			files = (
			);
			inputPaths = (
			);
			name = "[CP] Embed Pods Frameworks";
			outputPaths = (
			);
			runOnlyForDeploymentPostprocessing = 0;
			shellPath = /bin/sh;
			shellScript = "\"${SRCROOT}/Pods/Target Support Files/Pods-timerUITests/Pods-timerUITests-frameworks.sh\"\n";
			showEnvVarsInLog = 0;
		};
		5520ADF1430424D71A8FA79D /* [CP] Embed Pods Frameworks */ = {
			isa = PBXShellScriptBuildPhase;
			buildActionMask = 2147483647;
			files = (
			);
			inputPaths = (
				"${SRCROOT}/Pods/Target Support Files/Pods-timer/Pods-timer-frameworks.sh",
				"${BUILT_PRODUCTS_DIR}/Bolts/Bolts.framework",
				"${BUILT_PRODUCTS_DIR}/BoringSSL/openssl.framework",
				"${BUILT_PRODUCTS_DIR}/FBSDKCoreKit/FBSDKCoreKit.framework",
				"${BUILT_PRODUCTS_DIR}/FBSDKLoginKit/FBSDKLoginKit.framework",
				"${BUILT_PRODUCTS_DIR}/FBSDKShareKit/FBSDKShareKit.framework",
				"${BUILT_PRODUCTS_DIR}/GTMOAuth2/GTMOAuth2.framework",
				"${BUILT_PRODUCTS_DIR}/GTMSessionFetcher/GTMSessionFetcher.framework",
				"${BUILT_PRODUCTS_DIR}/GoogleToolboxForMac/GoogleToolboxForMac.framework",
				"${BUILT_PRODUCTS_DIR}/Protobuf/Protobuf.framework",
				"${BUILT_PRODUCTS_DIR}/SDWebImage/SDWebImage.framework",
				"${PODS_ROOT}/TwitterCore/iOS/TwitterCore.framework",
				"${PODS_ROOT}/TwitterKit/iOS/TwitterKit.framework",
				"${BUILT_PRODUCTS_DIR}/gRPC/GRPCClient.framework",
				"${BUILT_PRODUCTS_DIR}/gRPC-Core/grpc.framework",
				"${BUILT_PRODUCTS_DIR}/gRPC-ProtoRPC/ProtoRPC.framework",
				"${BUILT_PRODUCTS_DIR}/gRPC-RxLibrary/RxLibrary.framework",
				"${BUILT_PRODUCTS_DIR}/leveldb-library/leveldb.framework",
				"${BUILT_PRODUCTS_DIR}/nanopb/nanopb.framework",
			);
			name = "[CP] Embed Pods Frameworks";
			outputPaths = (
				"${TARGET_BUILD_DIR}/${FRAMEWORKS_FOLDER_PATH}/Bolts.framework",
				"${TARGET_BUILD_DIR}/${FRAMEWORKS_FOLDER_PATH}/openssl.framework",
				"${TARGET_BUILD_DIR}/${FRAMEWORKS_FOLDER_PATH}/FBSDKCoreKit.framework",
				"${TARGET_BUILD_DIR}/${FRAMEWORKS_FOLDER_PATH}/FBSDKLoginKit.framework",
				"${TARGET_BUILD_DIR}/${FRAMEWORKS_FOLDER_PATH}/FBSDKShareKit.framework",
				"${TARGET_BUILD_DIR}/${FRAMEWORKS_FOLDER_PATH}/GTMOAuth2.framework",
				"${TARGET_BUILD_DIR}/${FRAMEWORKS_FOLDER_PATH}/GTMSessionFetcher.framework",
				"${TARGET_BUILD_DIR}/${FRAMEWORKS_FOLDER_PATH}/GoogleToolboxForMac.framework",
				"${TARGET_BUILD_DIR}/${FRAMEWORKS_FOLDER_PATH}/Protobuf.framework",
				"${TARGET_BUILD_DIR}/${FRAMEWORKS_FOLDER_PATH}/SDWebImage.framework",
				"${TARGET_BUILD_DIR}/${FRAMEWORKS_FOLDER_PATH}/TwitterCore.framework",
				"${TARGET_BUILD_DIR}/${FRAMEWORKS_FOLDER_PATH}/TwitterKit.framework",
				"${TARGET_BUILD_DIR}/${FRAMEWORKS_FOLDER_PATH}/GRPCClient.framework",
				"${TARGET_BUILD_DIR}/${FRAMEWORKS_FOLDER_PATH}/grpc.framework",
				"${TARGET_BUILD_DIR}/${FRAMEWORKS_FOLDER_PATH}/ProtoRPC.framework",
				"${TARGET_BUILD_DIR}/${FRAMEWORKS_FOLDER_PATH}/RxLibrary.framework",
				"${TARGET_BUILD_DIR}/${FRAMEWORKS_FOLDER_PATH}/leveldb.framework",
				"${TARGET_BUILD_DIR}/${FRAMEWORKS_FOLDER_PATH}/nanopb.framework",
			);
			runOnlyForDeploymentPostprocessing = 0;
			shellPath = /bin/sh;
			shellScript = "\"${SRCROOT}/Pods/Target Support Files/Pods-timer/Pods-timer-frameworks.sh\"\n";
			showEnvVarsInLog = 0;
		};
		67F25A515E5E2CBC4A2FEA6E /* [CP] Check Pods Manifest.lock */ = {
			isa = PBXShellScriptBuildPhase;
			buildActionMask = 2147483647;
			files = (
			);
			inputPaths = (
				"${PODS_PODFILE_DIR_PATH}/Podfile.lock",
				"${PODS_ROOT}/Manifest.lock",
			);
			name = "[CP] Check Pods Manifest.lock";
			outputPaths = (
				"$(DERIVED_FILE_DIR)/Pods-timerTests-checkManifestLockResult.txt",
			);
			runOnlyForDeploymentPostprocessing = 0;
			shellPath = /bin/sh;
			shellScript = "diff \"${PODS_PODFILE_DIR_PATH}/Podfile.lock\" \"${PODS_ROOT}/Manifest.lock\" > /dev/null\nif [ $? != 0 ] ; then\n    # print error to STDERR\n    echo \"error: The sandbox is not in sync with the Podfile.lock. Run 'pod install' or update your CocoaPods installation.\" >&2\n    exit 1\nfi\n# This output is used by Xcode 'outputs' to avoid re-running this script phase.\necho \"SUCCESS\" > \"${SCRIPT_OUTPUT_FILE_0}\"\n";
			showEnvVarsInLog = 0;
		};
		8996696125BABE88C5A45A13 /* [CP] Check Pods Manifest.lock */ = {
			isa = PBXShellScriptBuildPhase;
			buildActionMask = 2147483647;
			files = (
			);
			inputPaths = (
				"${PODS_PODFILE_DIR_PATH}/Podfile.lock",
				"${PODS_ROOT}/Manifest.lock",
			);
			name = "[CP] Check Pods Manifest.lock";
			outputPaths = (
				"$(DERIVED_FILE_DIR)/Pods-timer-checkManifestLockResult.txt",
			);
			runOnlyForDeploymentPostprocessing = 0;
			shellPath = /bin/sh;
			shellScript = "diff \"${PODS_PODFILE_DIR_PATH}/Podfile.lock\" \"${PODS_ROOT}/Manifest.lock\" > /dev/null\nif [ $? != 0 ] ; then\n    # print error to STDERR\n    echo \"error: The sandbox is not in sync with the Podfile.lock. Run 'pod install' or update your CocoaPods installation.\" >&2\n    exit 1\nfi\n# This output is used by Xcode 'outputs' to avoid re-running this script phase.\necho \"SUCCESS\" > \"${SCRIPT_OUTPUT_FILE_0}\"\n";
			showEnvVarsInLog = 0;
		};
		92EAFD720B05B3593D0EF763 /* [CP] Copy Pods Resources */ = {
			isa = PBXShellScriptBuildPhase;
			buildActionMask = 2147483647;
			files = (
			);
			inputPaths = (
				"${SRCROOT}/Pods/Target Support Files/Pods-timer/Pods-timer-resources.sh",
				"${PODS_CONFIGURATION_BUILD_DIR}/FirebaseUI/FirebaseAuthUI.bundle",
				"${PODS_CONFIGURATION_BUILD_DIR}/FirebaseUI/FirebaseFacebookAuthUI.bundle",
				"${PODS_CONFIGURATION_BUILD_DIR}/FirebaseUI/FirebaseGoogleAuthUI.bundle",
				"${PODS_CONFIGURATION_BUILD_DIR}/FirebaseUI/FirebasePhoneAuthUI.bundle",
				"${PODS_CONFIGURATION_BUILD_DIR}/FirebaseUI/FirebaseTwitterAuthUI.bundle",
				"${PODS_ROOT}/GoogleSignIn/Resources/GoogleSignIn.bundle",
				"${PODS_ROOT}/TwitterKit/iOS/TwitterKit.framework/TwitterKitResources.bundle",
				"${PODS_ROOT}/TwitterKit/iOS/TwitterKit.framework/TwitterShareExtensionUIResources.bundle",
			);
			name = "[CP] Copy Pods Resources";
			outputPaths = (
				"${TARGET_BUILD_DIR}/${UNLOCALIZED_RESOURCES_FOLDER_PATH}/FirebaseAuthUI.bundle",
				"${TARGET_BUILD_DIR}/${UNLOCALIZED_RESOURCES_FOLDER_PATH}/FirebaseFacebookAuthUI.bundle",
				"${TARGET_BUILD_DIR}/${UNLOCALIZED_RESOURCES_FOLDER_PATH}/FirebaseGoogleAuthUI.bundle",
				"${TARGET_BUILD_DIR}/${UNLOCALIZED_RESOURCES_FOLDER_PATH}/FirebasePhoneAuthUI.bundle",
				"${TARGET_BUILD_DIR}/${UNLOCALIZED_RESOURCES_FOLDER_PATH}/FirebaseTwitterAuthUI.bundle",
				"${TARGET_BUILD_DIR}/${UNLOCALIZED_RESOURCES_FOLDER_PATH}/GoogleSignIn.bundle",
				"${TARGET_BUILD_DIR}/${UNLOCALIZED_RESOURCES_FOLDER_PATH}/TwitterKitResources.bundle",
				"${TARGET_BUILD_DIR}/${UNLOCALIZED_RESOURCES_FOLDER_PATH}/TwitterShareExtensionUIResources.bundle",
			);
			runOnlyForDeploymentPostprocessing = 0;
			shellPath = /bin/sh;
			shellScript = "\"${SRCROOT}/Pods/Target Support Files/Pods-timer/Pods-timer-resources.sh\"\n";
			showEnvVarsInLog = 0;
		};
		9363CF9011674AAA330BF7B9 /* [CP] Copy Pods Resources */ = {
			isa = PBXShellScriptBuildPhase;
			buildActionMask = 2147483647;
			files = (
			);
			inputPaths = (
			);
			name = "[CP] Copy Pods Resources";
			outputPaths = (
			);
			runOnlyForDeploymentPostprocessing = 0;
			shellPath = /bin/sh;
			shellScript = "\"${SRCROOT}/Pods/Target Support Files/Pods-timerUITests/Pods-timerUITests-resources.sh\"\n";
			showEnvVarsInLog = 0;
		};
		A52788F8FE8240CF3E001730 /* [CP] Embed Pods Frameworks */ = {
			isa = PBXShellScriptBuildPhase;
			buildActionMask = 2147483647;
			files = (
			);
			inputPaths = (
			);
			name = "[CP] Embed Pods Frameworks";
			outputPaths = (
			);
			runOnlyForDeploymentPostprocessing = 0;
			shellPath = /bin/sh;
			shellScript = "\"${SRCROOT}/Pods/Target Support Files/Pods-timerTests/Pods-timerTests-frameworks.sh\"\n";
			showEnvVarsInLog = 0;
		};
		BE51B254CB194009267BA682 /* [CP] Check Pods Manifest.lock */ = {
			isa = PBXShellScriptBuildPhase;
			buildActionMask = 2147483647;
			files = (
			);
			inputPaths = (
				"${PODS_PODFILE_DIR_PATH}/Podfile.lock",
				"${PODS_ROOT}/Manifest.lock",
			);
			name = "[CP] Check Pods Manifest.lock";
			outputPaths = (
				"$(DERIVED_FILE_DIR)/Pods-timerUITests-checkManifestLockResult.txt",
			);
			runOnlyForDeploymentPostprocessing = 0;
			shellPath = /bin/sh;
			shellScript = "diff \"${PODS_PODFILE_DIR_PATH}/Podfile.lock\" \"${PODS_ROOT}/Manifest.lock\" > /dev/null\nif [ $? != 0 ] ; then\n    # print error to STDERR\n    echo \"error: The sandbox is not in sync with the Podfile.lock. Run 'pod install' or update your CocoaPods installation.\" >&2\n    exit 1\nfi\n# This output is used by Xcode 'outputs' to avoid re-running this script phase.\necho \"SUCCESS\" > \"${SCRIPT_OUTPUT_FILE_0}\"\n";
			showEnvVarsInLog = 0;
		};
		FEA384573152DC7047CF5BB8 /* [CP] Copy Pods Resources */ = {
			isa = PBXShellScriptBuildPhase;
			buildActionMask = 2147483647;
			files = (
			);
			inputPaths = (
			);
			name = "[CP] Copy Pods Resources";
			outputPaths = (
			);
			runOnlyForDeploymentPostprocessing = 0;
			shellPath = /bin/sh;
			shellScript = "\"${SRCROOT}/Pods/Target Support Files/Pods-timerTests/Pods-timerTests-resources.sh\"\n";
			showEnvVarsInLog = 0;
		};
/* End PBXShellScriptBuildPhase section */

/* Begin PBXSourcesBuildPhase section */
		07828BBB1EFF3BB60098E4C8 /* Sources */ = {
			isa = PBXSourcesBuildPhase;
			buildActionMask = 2147483647;
			files = (
				07C0B4D82009A205003C229A /* WorkTimerViewController.swift in Sources */,
				07828BC51EFF3BB60098E4C8 /* ViewController.swift in Sources */,
				07C0B4DA2009A300003C229A /* PlayTimerViewController.swift in Sources */,
				07828BC31EFF3BB60098E4C8 /* AppDelegate.swift in Sources */,
			);
			runOnlyForDeploymentPostprocessing = 0;
		};
		07828BCF1EFF3BB60098E4C8 /* Sources */ = {
			isa = PBXSourcesBuildPhase;
			buildActionMask = 2147483647;
			files = (
				07828BD81EFF3BB60098E4C8 /* timerTests.swift in Sources */,
			);
			runOnlyForDeploymentPostprocessing = 0;
		};
		07828BDA1EFF3BB60098E4C8 /* Sources */ = {
			isa = PBXSourcesBuildPhase;
			buildActionMask = 2147483647;
			files = (
				07828BE31EFF3BB60098E4C8 /* timerUITests.swift in Sources */,
			);
			runOnlyForDeploymentPostprocessing = 0;
		};
/* End PBXSourcesBuildPhase section */

/* Begin PBXTargetDependency section */
		07828BD51EFF3BB60098E4C8 /* PBXTargetDependency */ = {
			isa = PBXTargetDependency;
			target = 07828BBE1EFF3BB60098E4C8 /* timer */;
			targetProxy = 07828BD41EFF3BB60098E4C8 /* PBXContainerItemProxy */;
		};
		07828BE01EFF3BB60098E4C8 /* PBXTargetDependency */ = {
			isa = PBXTargetDependency;
			target = 07828BBE1EFF3BB60098E4C8 /* timer */;
			targetProxy = 07828BDF1EFF3BB60098E4C8 /* PBXContainerItemProxy */;
		};
/* End PBXTargetDependency section */

/* Begin PBXVariantGroup section */
		07828BC61EFF3BB60098E4C8 /* Main.storyboard */ = {
			isa = PBXVariantGroup;
			children = (
				07828BC71EFF3BB60098E4C8 /* Base */,
			);
			name = Main.storyboard;
			sourceTree = "<group>";
		};
		07828BCB1EFF3BB60098E4C8 /* LaunchScreen.storyboard */ = {
			isa = PBXVariantGroup;
			children = (
				07828BCC1EFF3BB60098E4C8 /* Base */,
			);
			name = LaunchScreen.storyboard;
			sourceTree = "<group>";
		};
/* End PBXVariantGroup section */

/* Begin XCBuildConfiguration section */
		07828BE51EFF3BB60098E4C8 /* Debug */ = {
			isa = XCBuildConfiguration;
			buildSettings = {
				ALWAYS_SEARCH_USER_PATHS = NO;
				CLANG_ANALYZER_NONNULL = YES;
				CLANG_ANALYZER_NUMBER_OBJECT_CONVERSION = YES_AGGRESSIVE;
				CLANG_CXX_LANGUAGE_STANDARD = "gnu++0x";
				CLANG_CXX_LIBRARY = "libc++";
				CLANG_ENABLE_MODULES = YES;
				CLANG_ENABLE_OBJC_ARC = YES;
				CLANG_WARN_BOOL_CONVERSION = YES;
				CLANG_WARN_CONSTANT_CONVERSION = YES;
				CLANG_WARN_DIRECT_OBJC_ISA_USAGE = YES_ERROR;
				CLANG_WARN_DOCUMENTATION_COMMENTS = YES;
				CLANG_WARN_EMPTY_BODY = YES;
				CLANG_WARN_ENUM_CONVERSION = YES;
				CLANG_WARN_INFINITE_RECURSION = YES;
				CLANG_WARN_INT_CONVERSION = YES;
				CLANG_WARN_OBJC_ROOT_CLASS = YES_ERROR;
				CLANG_WARN_SUSPICIOUS_MOVE = YES;
				CLANG_WARN_UNREACHABLE_CODE = YES;
				CLANG_WARN__DUPLICATE_METHOD_MATCH = YES;
				"CODE_SIGN_IDENTITY[sdk=iphoneos*]" = "iPhone Developer";
				COPY_PHASE_STRIP = NO;
				DEBUG_INFORMATION_FORMAT = dwarf;
				ENABLE_STRICT_OBJC_MSGSEND = YES;
				ENABLE_TESTABILITY = YES;
				GCC_C_LANGUAGE_STANDARD = gnu99;
				GCC_DYNAMIC_NO_PIC = NO;
				GCC_NO_COMMON_BLOCKS = YES;
				GCC_OPTIMIZATION_LEVEL = 0;
				GCC_PREPROCESSOR_DEFINITIONS = (
					"DEBUG=1",
					"$(inherited)",
				);
				GCC_WARN_64_TO_32_BIT_CONVERSION = YES;
				GCC_WARN_ABOUT_RETURN_TYPE = YES_ERROR;
				GCC_WARN_UNDECLARED_SELECTOR = YES;
				GCC_WARN_UNINITIALIZED_AUTOS = YES_AGGRESSIVE;
				GCC_WARN_UNUSED_FUNCTION = YES;
				GCC_WARN_UNUSED_VARIABLE = YES;
				IPHONEOS_DEPLOYMENT_TARGET = 10.3;
				MTL_ENABLE_DEBUG_INFO = YES;
				ONLY_ACTIVE_ARCH = YES;
				SDKROOT = iphoneos;
				SWIFT_ACTIVE_COMPILATION_CONDITIONS = DEBUG;
				SWIFT_OPTIMIZATION_LEVEL = "-Onone";
				TARGETED_DEVICE_FAMILY = "1,2";
			};
			name = Debug;
		};
		07828BE61EFF3BB60098E4C8 /* Release */ = {
			isa = XCBuildConfiguration;
			buildSettings = {
				ALWAYS_SEARCH_USER_PATHS = NO;
				CLANG_ANALYZER_NONNULL = YES;
				CLANG_ANALYZER_NUMBER_OBJECT_CONVERSION = YES_AGGRESSIVE;
				CLANG_CXX_LANGUAGE_STANDARD = "gnu++0x";
				CLANG_CXX_LIBRARY = "libc++";
				CLANG_ENABLE_MODULES = YES;
				CLANG_ENABLE_OBJC_ARC = YES;
				CLANG_WARN_BOOL_CONVERSION = YES;
				CLANG_WARN_CONSTANT_CONVERSION = YES;
				CLANG_WARN_DIRECT_OBJC_ISA_USAGE = YES_ERROR;
				CLANG_WARN_DOCUMENTATION_COMMENTS = YES;
				CLANG_WARN_EMPTY_BODY = YES;
				CLANG_WARN_ENUM_CONVERSION = YES;
				CLANG_WARN_INFINITE_RECURSION = YES;
				CLANG_WARN_INT_CONVERSION = YES;
				CLANG_WARN_OBJC_ROOT_CLASS = YES_ERROR;
				CLANG_WARN_SUSPICIOUS_MOVE = YES;
				CLANG_WARN_UNREACHABLE_CODE = YES;
				CLANG_WARN__DUPLICATE_METHOD_MATCH = YES;
				"CODE_SIGN_IDENTITY[sdk=iphoneos*]" = "iPhone Developer";
				COPY_PHASE_STRIP = NO;
				DEBUG_INFORMATION_FORMAT = "dwarf-with-dsym";
				ENABLE_NS_ASSERTIONS = NO;
				ENABLE_STRICT_OBJC_MSGSEND = YES;
				GCC_C_LANGUAGE_STANDARD = gnu99;
				GCC_NO_COMMON_BLOCKS = YES;
				GCC_WARN_64_TO_32_BIT_CONVERSION = YES;
				GCC_WARN_ABOUT_RETURN_TYPE = YES_ERROR;
				GCC_WARN_UNDECLARED_SELECTOR = YES;
				GCC_WARN_UNINITIALIZED_AUTOS = YES_AGGRESSIVE;
				GCC_WARN_UNUSED_FUNCTION = YES;
				GCC_WARN_UNUSED_VARIABLE = YES;
				IPHONEOS_DEPLOYMENT_TARGET = 10.3;
				MTL_ENABLE_DEBUG_INFO = NO;
				SDKROOT = iphoneos;
				SWIFT_OPTIMIZATION_LEVEL = "-Owholemodule";
				TARGETED_DEVICE_FAMILY = "1,2";
				VALIDATE_PRODUCT = YES;
			};
			name = Release;
		};
		07828BE81EFF3BB60098E4C8 /* Debug */ = {
			isa = XCBuildConfiguration;
			baseConfigurationReference = 68A871FDD07BC4BE6F35ED26 /* Pods-timer.debug.xcconfig */;
			buildSettings = {
				ASSETCATALOG_COMPILER_APPICON_NAME = AppIcon;
				CODE_SIGN_ENTITLEMENTS = timer/timer.entitlements;
				"CODE_SIGN_IDENTITY[sdk=iphoneos*]" = "iPhone Developer";
				DEVELOPMENT_TEAM = 522XC9JPSE;
				INFOPLIST_FILE = timer/Info.plist;
				LD_RUNPATH_SEARCH_PATHS = "$(inherited) @executable_path/Frameworks";
				PRODUCT_BUNDLE_IDENTIFIER = focusgroup.timer;
				PRODUCT_NAME = "$(TARGET_NAME)";
				PROVISIONING_PROFILE_SPECIFIER = "";
				SWIFT_VERSION = 3.0;
			};
			name = Debug;
		};
		07828BE91EFF3BB60098E4C8 /* Release */ = {
			isa = XCBuildConfiguration;
			baseConfigurationReference = E51CF885C349F3DA6E1E59A2 /* Pods-timer.release.xcconfig */;
			buildSettings = {
				ASSETCATALOG_COMPILER_APPICON_NAME = AppIcon;
				CODE_SIGN_ENTITLEMENTS = timer/timer.entitlements;
				"CODE_SIGN_IDENTITY[sdk=iphoneos*]" = "iPhone Developer";
				DEVELOPMENT_TEAM = 522XC9JPSE;
				INFOPLIST_FILE = timer/Info.plist;
				LD_RUNPATH_SEARCH_PATHS = "$(inherited) @executable_path/Frameworks";
				PRODUCT_BUNDLE_IDENTIFIER = focusgroup.timer;
				PRODUCT_NAME = "$(TARGET_NAME)";
				PROVISIONING_PROFILE_SPECIFIER = "";
				SWIFT_VERSION = 3.0;
			};
			name = Release;
		};
		07828BEB1EFF3BB60098E4C8 /* Debug */ = {
			isa = XCBuildConfiguration;
			baseConfigurationReference = 3DBCEA852648A03D50B9F0DA /* Pods-timerTests.debug.xcconfig */;
			buildSettings = {
				ALWAYS_EMBED_SWIFT_STANDARD_LIBRARIES = YES;
				BUNDLE_LOADER = "$(TEST_HOST)";
				INFOPLIST_FILE = timerTests/Info.plist;
				LD_RUNPATH_SEARCH_PATHS = "$(inherited) @executable_path/Frameworks @loader_path/Frameworks";
				PRODUCT_BUNDLE_IDENTIFIER = focusgroup.timerTests;
				PRODUCT_NAME = "$(TARGET_NAME)";
				SWIFT_VERSION = 3.0;
				TEST_HOST = "$(BUILT_PRODUCTS_DIR)/timer.app/timer";
			};
			name = Debug;
		};
		07828BEC1EFF3BB60098E4C8 /* Release */ = {
			isa = XCBuildConfiguration;
			baseConfigurationReference = 33FF44A3FF05E9D76E352E26 /* Pods-timerTests.release.xcconfig */;
			buildSettings = {
				ALWAYS_EMBED_SWIFT_STANDARD_LIBRARIES = YES;
				BUNDLE_LOADER = "$(TEST_HOST)";
				INFOPLIST_FILE = timerTests/Info.plist;
				LD_RUNPATH_SEARCH_PATHS = "$(inherited) @executable_path/Frameworks @loader_path/Frameworks";
				PRODUCT_BUNDLE_IDENTIFIER = focusgroup.timerTests;
				PRODUCT_NAME = "$(TARGET_NAME)";
				SWIFT_VERSION = 3.0;
				TEST_HOST = "$(BUILT_PRODUCTS_DIR)/timer.app/timer";
			};
			name = Release;
		};
		07828BEE1EFF3BB60098E4C8 /* Debug */ = {
			isa = XCBuildConfiguration;
			baseConfigurationReference = 80922B55B307BD7E065FF765 /* Pods-timerUITests.debug.xcconfig */;
			buildSettings = {
				ALWAYS_EMBED_SWIFT_STANDARD_LIBRARIES = YES;
				INFOPLIST_FILE = timerUITests/Info.plist;
				LD_RUNPATH_SEARCH_PATHS = "$(inherited) @executable_path/Frameworks @loader_path/Frameworks";
				PRODUCT_BUNDLE_IDENTIFIER = focusgroup.timerUITests;
				PRODUCT_NAME = "$(TARGET_NAME)";
				SWIFT_VERSION = 3.0;
				TEST_TARGET_NAME = timer;
			};
			name = Debug;
		};
		07828BEF1EFF3BB60098E4C8 /* Release */ = {
			isa = XCBuildConfiguration;
			baseConfigurationReference = 3B6F3FAD8A950ECBBA1CD596 /* Pods-timerUITests.release.xcconfig */;
			buildSettings = {
				ALWAYS_EMBED_SWIFT_STANDARD_LIBRARIES = YES;
				INFOPLIST_FILE = timerUITests/Info.plist;
				LD_RUNPATH_SEARCH_PATHS = "$(inherited) @executable_path/Frameworks @loader_path/Frameworks";
				PRODUCT_BUNDLE_IDENTIFIER = focusgroup.timerUITests;
				PRODUCT_NAME = "$(TARGET_NAME)";
				SWIFT_VERSION = 3.0;
				TEST_TARGET_NAME = timer;
			};
			name = Release;
		};
/* End XCBuildConfiguration section */

/* Begin XCConfigurationList section */
		07828BBA1EFF3BB60098E4C8 /* Build configuration list for PBXProject "timer" */ = {
			isa = XCConfigurationList;
			buildConfigurations = (
				07828BE51EFF3BB60098E4C8 /* Debug */,
				07828BE61EFF3BB60098E4C8 /* Release */,
			);
			defaultConfigurationIsVisible = 0;
			defaultConfigurationName = Release;
		};
		07828BE71EFF3BB60098E4C8 /* Build configuration list for PBXNativeTarget "timer" */ = {
			isa = XCConfigurationList;
			buildConfigurations = (
				07828BE81EFF3BB60098E4C8 /* Debug */,
				07828BE91EFF3BB60098E4C8 /* Release */,
			);
			defaultConfigurationIsVisible = 0;
			defaultConfigurationName = Release;
		};
		07828BEA1EFF3BB60098E4C8 /* Build configuration list for PBXNativeTarget "timerTests" */ = {
			isa = XCConfigurationList;
			buildConfigurations = (
				07828BEB1EFF3BB60098E4C8 /* Debug */,
				07828BEC1EFF3BB60098E4C8 /* Release */,
			);
			defaultConfigurationIsVisible = 0;
			defaultConfigurationName = Release;
		};
		07828BED1EFF3BB60098E4C8 /* Build configuration list for PBXNativeTarget "timerUITests" */ = {
			isa = XCConfigurationList;
			buildConfigurations = (
				07828BEE1EFF3BB60098E4C8 /* Debug */,
				07828BEF1EFF3BB60098E4C8 /* Release */,
			);
			defaultConfigurationIsVisible = 0;
			defaultConfigurationName = Release;
		};
/* End XCConfigurationList section */
	};
	rootObject = 07828BB71EFF3BB60098E4C8 /* Project object */;
}
